
Microsoft Visual Studio Solution File, Format Version 12.00
# Visual Studio 15
VisualStudioVersion = 15.0.27130.2010
MinimumVisualStudioVersion = 10.0.40219.1
Project("{FAE04EC0-301F-11D3-BF4B-00C04F79EFBC}") = "learnLatin", "learnLatin\learnLatin.csproj", "{0E99AA1F-00C7-4FDA-B8EF-0A0CB94F7454}"
EndProject
Project("{54435603-DBB4-11D2-8724-00A0C9A8B90C}") = "learnLatinSetup", "learnLatinSetup\learnLatinSetup.vdproj", "{3540F1E1-AC5D-4587-8C45-1F85A451EEBA}"
EndProject
Global
	GlobalSection(SolutionConfigurationPlatforms) = preSolution
		Debug|Any CPU = Debug|Any CPU
		Release|Any CPU = Release|Any CPU
	EndGlobalSection
	GlobalSection(ProjectConfigurationPlatforms) = postSolution
		{0E99AA1F-00C7-4FDA-B8EF-0A0CB94F7454}.Debug|Any CPU.ActiveCfg = Debug|Any CPU
		{0E99AA1F-00C7-4FDA-B8EF-0A0CB94F7454}.Debug|Any CPU.Build.0 = Debug|Any CPU
		{0E99AA1F-00C7-4FDA-B8EF-0A0CB94F7454}.Release|Any CPU.ActiveCfg = Release|Any CPU
		{0E99AA1F-00C7-4FDA-B8EF-0A0CB94F7454}.Release|Any CPU.Build.0 = Release|Any CPU
		{3540F1E1-AC5D-4587-8C45-1F85A451EEBA}.Debug|Any CPU.ActiveCfg = Debug
		{3540F1E1-AC5D-4587-8C45-1F85A451EEBA}.Release|Any CPU.ActiveCfg = Release
	EndGlobalSection
	GlobalSection(SolutionProperties) = preSolution
		HideSolutionNode = FALSE
	EndGlobalSection
	GlobalSection(ExtensibilityGlobals) = postSolution
		SolutionGuid = {9F45E48D-EA60-4DCB-BE3C-D2086E47772A}
	EndGlobalSection
EndGlobal
